
Microsoft Visual Studio Solution File, Format Version 12.00
# Visual Studio Version 16
VisualStudioVersion = 16.0.32228.343
MinimumVisualStudioVersion = 10.0.40219.1
Project("{FAE04EC0-301F-11D3-BF4B-00C04F79EFBC}") = "Dotnetproject5-12-7-22", "Dotnetproject5-12-7-22.csproj", "{CC0541F1-6F10-41A0-990A-3EAB129F9E95}"
EndProject
Global
	GlobalSection(SolutionConfigurationPlatforms) = preSolution
		Debug|Any CPU = Debug|Any CPU
		Release|Any CPU = Release|Any CPU
	EndGlobalSection
	GlobalSection(ProjectConfigurationPlatforms) = postSolution
		{CC0541F1-6F10-41A0-990A-3EAB129F9E95}.Debug|Any CPU.ActiveCfg = Debug|Any CPU
		{CC0541F1-6F10-41A0-990A-3EAB129F9E95}.Debug|Any CPU.Build.0 = Debug|Any CPU
		{CC0541F1-6F10-41A0-990A-3EAB129F9E95}.Release|Any CPU.ActiveCfg = Release|Any CPU
		{CC0541F1-6F10-41A0-990A-3EAB129F9E95}.Release|Any CPU.Build.0 = Release|Any CPU
	EndGlobalSection
	GlobalSection(SolutionProperties) = preSolution
		HideSolutionNode = FALSE
	EndGlobalSection
	GlobalSection(ExtensibilityGlobals) = postSolution
		SolutionGuid = {980D0AED-D542-4357-904A-BBD3E3F753BE}
	EndGlobalSection
EndGlobal
